
Microsoft Visual Studio Solution File, Format Version 12.00
# Visual Studio Version 17
VisualStudioVersion = 17.13.35919.96
MinimumVisualStudioVersion = 10.0.40219.1
Project("{FAE04EC0-301F-11D3-BF4B-00C04F79EFBC}") = "Desafio-ICI-Samuel", "Desafio-ICI-Samuel.csproj", "{695BA4E5-0B58-4CF2-8F4B-CDC2FA008191}"
EndProject
Project("{FAE04EC0-301F-11D3-BF4B-00C04F79EFBC}") = "Tests", "..\DevSam\UnitTests\Tests\Tests.csproj", "{BA7ACE7C-F752-44A9-A89A-45CA4513F466}"
EndProject
Global
	GlobalSection(SolutionConfigurationPlatforms) = preSolution
		Debug|Any CPU = Debug|Any CPU
		Release|Any CPU = Release|Any CPU
	EndGlobalSection
	GlobalSection(ProjectConfigurationPlatforms) = postSolution
		{695BA4E5-0B58-4CF2-8F4B-CDC2FA008191}.Debug|Any CPU.ActiveCfg = Debug|Any CPU
		{695BA4E5-0B58-4CF2-8F4B-CDC2FA008191}.Debug|Any CPU.Build.0 = Debug|Any CPU
		{695BA4E5-0B58-4CF2-8F4B-CDC2FA008191}.Release|Any CPU.ActiveCfg = Release|Any CPU
		{695BA4E5-0B58-4CF2-8F4B-CDC2FA008191}.Release|Any CPU.Build.0 = Release|Any CPU
		{BA7ACE7C-F752-44A9-A89A-45CA4513F466}.Debug|Any CPU.ActiveCfg = Debug|Any CPU
		{BA7ACE7C-F752-44A9-A89A-45CA4513F466}.Debug|Any CPU.Build.0 = Debug|Any CPU
		{BA7ACE7C-F752-44A9-A89A-45CA4513F466}.Release|Any CPU.ActiveCfg = Release|Any CPU
		{BA7ACE7C-F752-44A9-A89A-45CA4513F466}.Release|Any CPU.Build.0 = Release|Any CPU
	EndGlobalSection
	GlobalSection(SolutionProperties) = preSolution
		HideSolutionNode = FALSE
	EndGlobalSection
	GlobalSection(ExtensibilityGlobals) = postSolution
		SolutionGuid = {115FCBE2-6211-4986-AA65-2040245BDD81}
	EndGlobalSection
EndGlobal
